
Microsoft Visual Studio Solution File, Format Version 12.00
# Visual Studio Version 16
VisualStudioVersion = 16.0.30804.86
MinimumVisualStudioVersion = 10.0.40219.1
Project("{9A19103F-16F7-4668-BE54-9A1E7A4F7556}") = "DataAccess", "DataAccsess\DataAccess.csproj", "{8E205391-FFAB-4638-8C2B-E434D5D934E8}"
EndProject
Project("{9A19103F-16F7-4668-BE54-9A1E7A4F7556}") = "Business", "Business\Business.csproj", "{48CBE2A0-2A3A-4C89-961C-ADEF26C4548C}"
EndProject
Project("{9A19103F-16F7-4668-BE54-9A1E7A4F7556}") = "Entities", "Entities\Entities.csproj", "{094A7F9C-565C-4602-9AFF-78C9F01AC419}"
EndProject
Project("{9A19103F-16F7-4668-BE54-9A1E7A4F7556}") = "ConsoleUI", "ConsoleUI\ConsoleUI.csproj", "{0F2E382E-ED0F-4284-8A25-D136786C17B0}"
EndProject
Project("{9A19103F-16F7-4668-BE54-9A1E7A4F7556}") = "Core", "Core\Core.csproj", "{F8B41719-6E72-47B2-93DB-3050438D13F4}"
EndProject
Project("{FAE04EC0-301F-11D3-BF4B-00C04F79EFBC}") = "WebAPI", "WebAPI\WebAPI.csproj", "{DB44D9EF-111D-447B-81FD-7C41ABE309E1}"
EndProject
Global
	GlobalSection(SolutionConfigurationPlatforms) = preSolution
		Debug|Any CPU = Debug|Any CPU
		Release|Any CPU = Release|Any CPU
	EndGlobalSection
	GlobalSection(ProjectConfigurationPlatforms) = postSolution
		{8E205391-FFAB-4638-8C2B-E434D5D934E8}.Debug|Any CPU.ActiveCfg = Debug|Any CPU
		{8E205391-FFAB-4638-8C2B-E434D5D934E8}.Debug|Any CPU.Build.0 = Debug|Any CPU
		{8E205391-FFAB-4638-8C2B-E434D5D934E8}.Release|Any CPU.ActiveCfg = Release|Any CPU
		{8E205391-FFAB-4638-8C2B-E434D5D934E8}.Release|Any CPU.Build.0 = Release|Any CPU
		{48CBE2A0-2A3A-4C89-961C-ADEF26C4548C}.Debug|Any CPU.ActiveCfg = Debug|Any CPU
		{48CBE2A0-2A3A-4C89-961C-ADEF26C4548C}.Debug|Any CPU.Build.0 = Debug|Any CPU
		{48CBE2A0-2A3A-4C89-961C-ADEF26C4548C}.Release|Any CPU.ActiveCfg = Release|Any CPU
		{48CBE2A0-2A3A-4C89-961C-ADEF26C4548C}.Release|Any CPU.Build.0 = Release|Any CPU
		{094A7F9C-565C-4602-9AFF-78C9F01AC419}.Debug|Any CPU.ActiveCfg = Debug|Any CPU
		{094A7F9C-565C-4602-9AFF-78C9F01AC419}.Debug|Any CPU.Build.0 = Debug|Any CPU
		{094A7F9C-565C-4602-9AFF-78C9F01AC419}.Release|Any CPU.ActiveCfg = Release|Any CPU
		{094A7F9C-565C-4602-9AFF-78C9F01AC419}.Release|Any CPU.Build.0 = Release|Any CPU
		{0F2E382E-ED0F-4284-8A25-D136786C17B0}.Debug|Any CPU.ActiveCfg = Debug|Any CPU
		{0F2E382E-ED0F-4284-8A25-D136786C17B0}.Debug|Any CPU.Build.0 = Debug|Any CPU
		{0F2E382E-ED0F-4284-8A25-D136786C17B0}.Release|Any CPU.ActiveCfg = Release|Any CPU
		{0F2E382E-ED0F-4284-8A25-D136786C17B0}.Release|Any CPU.Build.0 = Release|Any CPU
		{F8B41719-6E72-47B2-93DB-3050438D13F4}.Debug|Any CPU.ActiveCfg = Debug|Any CPU
		{F8B41719-6E72-47B2-93DB-3050438D13F4}.Debug|Any CPU.Build.0 = Debug|Any CPU
		{F8B41719-6E72-47B2-93DB-3050438D13F4}.Release|Any CPU.ActiveCfg = Release|Any CPU
		{F8B41719-6E72-47B2-93DB-3050438D13F4}.Release|Any CPU.Build.0 = Release|Any CPU
		{DB44D9EF-111D-447B-81FD-7C41ABE309E1}.Debug|Any CPU.ActiveCfg = Debug|Any CPU
		{DB44D9EF-111D-447B-81FD-7C41ABE309E1}.Debug|Any CPU.Build.0 = Debug|Any CPU
		{DB44D9EF-111D-447B-81FD-7C41ABE309E1}.Release|Any CPU.ActiveCfg = Release|Any CPU
		{DB44D9EF-111D-447B-81FD-7C41ABE309E1}.Release|Any CPU.Build.0 = Release|Any CPU
	EndGlobalSection
	GlobalSection(SolutionProperties) = preSolution
		HideSolutionNode = FALSE
	EndGlobalSection
	GlobalSection(ExtensibilityGlobals) = postSolution
		SolutionGuid = {5E2073E7-22E0-4076-BBF8-CAB4DC0EB927}
	EndGlobalSection
EndGlobal
